{
  "nodes": {
    "flake-utils": {
      "inputs": {
        "systems": "systems"
      },
      "locked": {
        "lastModified": 1731533236,
        "narHash": "sha256-l0KFg5HjrsfsO/JpG+r7fRrqm12kzFHyUHqHCVpMMbI=",
        "owner": "numtide",
        "repo": "flake-utils",
        "rev": "11707dc2f618dd54ca8739b309ec4fc024de578b",
        "type": "github"
      },
      "original": {
        "owner": "numtide",
        "repo": "flake-utils",
        "type": "github"
      }
    },
    "flake-utils_2": {
      "locked": {
        "lastModified": 1620759905,
        "narHash": "sha256-WiyWawrgmyN0EdmiHyG2V+fqReiVi8bM9cRdMaKQOFg=",
        "owner": "numtide",
        "repo": "flake-utils",
        "rev": "b543720b25df6ffdfcf9227afafc5b8c1fabfae8",
        "type": "github"
      },
      "original": {
        "owner": "numtide",
        "repo": "flake-utils",
        "type": "github"
      }
    },
    "nix-security": {
      "inputs": {
        "flake-utils": "flake-utils_2",
        "nixpkgs": "nixpkgs"
      },
      "locked": {
        "lastModified": 1692759306,
        "narHash": "sha256-dt7xWIrJP37gP6/DbmUZNPDOaZt1WB0fp+j/d0QTLsQ=",
        "owner": "juliosueiras-nix",
        "repo": "nix-security",
        "rev": "b136a7e0dca7615ed880be4b0b64d37e41aec9f2",
        "type": "github"
      },
      "original": {
        "owner": "juliosueiras-nix",
        "repo": "nix-security",
        "type": "github"
      }
    },
    "nixpkgs": {
      "locked": {
        "lastModified": 1622059058,
        "narHash": "sha256-t1/ZMtyxClVSfcV4Pt5C1YpkeJ/UwFF3oitLD7Ch/UA=",
        "owner": "nixos",
        "repo": "nixpkgs",
        "rev": "84aa23742f6c72501f9cc209f29c438766f5352d",
        "type": "github"
      },
      "original": {
        "owner": "nixos",
        "ref": "master",
        "repo": "nixpkgs",
        "type": "github"
      }
    },
    "nixpkgs_2": {
      "locked": {
        "lastModified": 0,
        "narHash": "sha256-YnHJJ19wqmibLQdUeq9xzE6CjrMA568KN/lFPuSVs4I=",
        "path": "/nix/store/n1hshh978rylg6m6p8si83s8vks1xqbc-source",
        "type": "path"
      },
      "original": {
        "id": "nixpkgs",
        "type": "indirect"
      }
    },
    "root": {
      "inputs": {
        "flake-utils": "flake-utils",
        "nix-security": "nix-security",
        "nixpkgs": "nixpkgs_2"
      }
    },
    "systems": {
      "locked": {
        "lastModified": 1681028828,
        "narHash": "sha256-Vy1rq5AaRuLzOxct8nz4T6wlgyUR7zLU309k9mBC768=",
        "owner": "nix-systems",
        "repo": "default",
        "rev": "da67096a3b9bf56a91d16901293e51ba5b49a27e",
        "type": "github"
      },
      "original": {
        "owner": "nix-systems",
        "repo": "default",
        "type": "github"
      }
    }
  },
  "root": "root",
  "version": 7
}
